
Microsoft Visual Studio Solution File, Format Version 12.00
# Visual Studio Version 17
VisualStudioVersion = 17.7.34024.191
MinimumVisualStudioVersion = 10.0.40219.1
Project("{FAE04EC0-301F-11D3-BF4B-00C04F79EFBC}") = "AutoMapperHw", "AutoMapperHw\AutoMapperHw.csproj", "{43A35940-9B7D-459C-AD4E-A3924BBEDB24}"
EndProject
Global
	GlobalSection(SolutionConfigurationPlatforms) = preSolution
		Debug|Any CPU = Debug|Any CPU
		Release|Any CPU = Release|Any CPU
	EndGlobalSection
	GlobalSection(ProjectConfigurationPlatforms) = postSolution
		{43A35940-9B7D-459C-AD4E-A3924BBEDB24}.Debug|Any CPU.ActiveCfg = Debug|Any CPU
		{43A35940-9B7D-459C-AD4E-A3924BBEDB24}.Debug|Any CPU.Build.0 = Debug|Any CPU
		{43A35940-9B7D-459C-AD4E-A3924BBEDB24}.Release|Any CPU.ActiveCfg = Release|Any CPU
		{43A35940-9B7D-459C-AD4E-A3924BBEDB24}.Release|Any CPU.Build.0 = Release|Any CPU
	EndGlobalSection
	GlobalSection(SolutionProperties) = preSolution
		HideSolutionNode = FALSE
	EndGlobalSection
	GlobalSection(ExtensibilityGlobals) = postSolution
		SolutionGuid = {E3D35049-2B1C-45A4-98E3-E8B0288665D4}
	EndGlobalSection
EndGlobal
